
Microsoft Visual Studio Solution File, Format Version 12.00
# Visual Studio Version 17
VisualStudioVersion = 17.9.34728.123
MinimumVisualStudioVersion = 10.0.40219.1
Project("{FAE04EC0-301F-11D3-BF4B-00C04F79EFBC}") = "EncapsulationDemo", "BankAccount\EncapsulationDemo.csproj", "{6905AD92-94CA-49AB-8722-C2F725549BE4}"
EndProject
Global
	GlobalSection(SolutionConfigurationPlatforms) = preSolution
		Debug|Any CPU = Debug|Any CPU
		Release|Any CPU = Release|Any CPU
	EndGlobalSection
	GlobalSection(ProjectConfigurationPlatforms) = postSolution
		{6905AD92-94CA-49AB-8722-C2F725549BE4}.Debug|Any CPU.ActiveCfg = Debug|Any CPU
		{6905AD92-94CA-49AB-8722-C2F725549BE4}.Debug|Any CPU.Build.0 = Debug|Any CPU
		{6905AD92-94CA-49AB-8722-C2F725549BE4}.Release|Any CPU.ActiveCfg = Release|Any CPU
		{6905AD92-94CA-49AB-8722-C2F725549BE4}.Release|Any CPU.Build.0 = Release|Any CPU
	EndGlobalSection
	GlobalSection(SolutionProperties) = preSolution
		HideSolutionNode = FALSE
	EndGlobalSection
	GlobalSection(ExtensibilityGlobals) = postSolution
		SolutionGuid = {14A87530-7503-490E-B419-9B9160100547}
	EndGlobalSection
EndGlobal
